
Microsoft Visual Studio Solution File, Format Version 12.00
# Visual Studio Version 17
VisualStudioVersion = 17.3.32901.215
MinimumVisualStudioVersion = 10.0.40219.1
Project("{FAE04EC0-301F-11D3-BF4B-00C04F79EFBC}") = "15_Games", "15_Games\15_Games.csproj", "{6D09A8F1-098F-45D2-8B54-17AE8C690CF5}"
EndProject
Global
	GlobalSection(SolutionConfigurationPlatforms) = preSolution
		Debug|Any CPU = Debug|Any CPU
		Release|Any CPU = Release|Any CPU
	EndGlobalSection
	GlobalSection(ProjectConfigurationPlatforms) = postSolution
		{6D09A8F1-098F-45D2-8B54-17AE8C690CF5}.Debug|Any CPU.ActiveCfg = Debug|Any CPU
		{6D09A8F1-098F-45D2-8B54-17AE8C690CF5}.Debug|Any CPU.Build.0 = Debug|Any CPU
		{6D09A8F1-098F-45D2-8B54-17AE8C690CF5}.Release|Any CPU.ActiveCfg = Release|Any CPU
		{6D09A8F1-098F-45D2-8B54-17AE8C690CF5}.Release|Any CPU.Build.0 = Release|Any CPU
	EndGlobalSection
	GlobalSection(SolutionProperties) = preSolution
		HideSolutionNode = FALSE
	EndGlobalSection
	GlobalSection(ExtensibilityGlobals) = postSolution
		SolutionGuid = {9FC4F6A3-48EE-4696-97D4-F4A654EA2F9A}
	EndGlobalSection
EndGlobal
